// !$*UTF8*$!
{
	archiveVersion = 1;
	classes = {
	};
	objectVersion = 56;
	objects = {

/* Begin PBXBuildFile section */
		2B662C172B078281002AE5AB /* AppDelegate.swift in Sources */ = {isa = PBXBuildFile; fileRef = 2B662C162B078281002AE5AB /* AppDelegate.swift */; };
		2B662C192B078281002AE5AB /* SceneDelegate.swift in Sources */ = {isa = PBXBuildFile; fileRef = 2B662C182B078281002AE5AB /* SceneDelegate.swift */; };
		2B662C1B2B078281002AE5AB /* MainTabBarViewController.swift in Sources */ = {isa = PBXBuildFile; fileRef = 2B662C1A2B078281002AE5AB /* MainTabBarViewController.swift */; };
		2B662C202B078282002AE5AB /* Assets.xcassets in Resources */ = {isa = PBXBuildFile; fileRef = 2B662C1F2B078282002AE5AB /* Assets.xcassets */; };
		2B662C232B078282002AE5AB /* LaunchScreen.storyboard in Resources */ = {isa = PBXBuildFile; fileRef = 2B662C212B078282002AE5AB /* LaunchScreen.storyboard */; };
		2B662D5D2B0DE663002AE5AB /* HomeViewController.swift in Sources */ = {isa = PBXBuildFile; fileRef = 2B662D5C2B0DE663002AE5AB /* HomeViewController.swift */; };
		2B662D5F2B0DE6A2002AE5AB /* UpcomingViewController.swift in Sources */ = {isa = PBXBuildFile; fileRef = 2B662D5E2B0DE6A2002AE5AB /* UpcomingViewController.swift */; };
		2B662D612B0DE6C8002AE5AB /* SearchViewController.swift in Sources */ = {isa = PBXBuildFile; fileRef = 2B662D602B0DE6C8002AE5AB /* SearchViewController.swift */; };
		2B662D632B0DE6E7002AE5AB /* DownloadsViewController.swift in Sources */ = {isa = PBXBuildFile; fileRef = 2B662D622B0DE6E7002AE5AB /* DownloadsViewController.swift */; };
		2B662D652B0DE83B002AE5AB /* FavoritesViewController.swift in Sources */ = {isa = PBXBuildFile; fileRef = 2B662D642B0DE83B002AE5AB /* FavoritesViewController.swift */; };
		2B662D6B2B0DF6D7002AE5AB /* CollectionViewTableViewCell.swift in Sources */ = {isa = PBXBuildFile; fileRef = 2B662D6A2B0DF6D7002AE5AB /* CollectionViewTableViewCell.swift */; };
		2B662D6D2B0E2105002AE5AB /* HeaderUIView.swift in Sources */ = {isa = PBXBuildFile; fileRef = 2B662D6C2B0E2105002AE5AB /* HeaderUIView.swift */; };
		2B662D702B0E244D002AE5AB /* Extension.swift in Sources */ = {isa = PBXBuildFile; fileRef = 2B662D6F2B0E244D002AE5AB /* Extension.swift */; };
		2B662D732B0E9490002AE5AB /* APICaller.swift in Sources */ = {isa = PBXBuildFile; fileRef = 2B662D722B0E9490002AE5AB /* APICaller.swift */; };
		2B662D752B0E9A59002AE5AB /* MovieModel.swift in Sources */ = {isa = PBXBuildFile; fileRef = 2B662D742B0E9A59002AE5AB /* MovieModel.swift */; };
		2B83EADF2B0F648A00DA96B4 /* MovieCollectionViewCell.swift in Sources */ = {isa = PBXBuildFile; fileRef = 2B83EADE2B0F648A00DA96B4 /* MovieCollectionViewCell.swift */; };
		2B83EAE72B0F66B000DA96B4 /* SDWebImage in Frameworks */ = {isa = PBXBuildFile; productRef = 2B83EAE62B0F66B000DA96B4 /* SDWebImage */; };
		2B83EAE92B0F66B400DA96B4 /* SDWebImageMapKit in Frameworks */ = {isa = PBXBuildFile; productRef = 2B83EAE82B0F66B400DA96B4 /* SDWebImageMapKit */; };
		2B83EAEB2B0FF13000DA96B4 /* MovieTableViewCell.swift in Sources */ = {isa = PBXBuildFile; fileRef = 2B83EAEA2B0FF13000DA96B4 /* MovieTableViewCell.swift */; };
		2B83EAED2B0FF3A900DA96B4 /* MovieViewModel.swift in Sources */ = {isa = PBXBuildFile; fileRef = 2B83EAEC2B0FF3A900DA96B4 /* MovieViewModel.swift */; };
		2B83EAEF2B1091BF00DA96B4 /* SearchResultsViewController.swift in Sources */ = {isa = PBXBuildFile; fileRef = 2B83EAEE2B1091BF00DA96B4 /* SearchResultsViewController.swift */; };
		2B83EAF12B114A9600DA96B4 /* YoutubeSearchResultsModel.swift in Sources */ = {isa = PBXBuildFile; fileRef = 2B83EAF02B114A9600DA96B4 /* YoutubeSearchResultsModel.swift */; };
		2B83EAF32B120C5B00DA96B4 /* MoviePreviewViewController.swift in Sources */ = {isa = PBXBuildFile; fileRef = 2B83EAF22B120C5B00DA96B4 /* MoviePreviewViewController.swift */; };
		2B83EAF52B120EAD00DA96B4 /* MoviePreviewViewModel.swift in Sources */ = {isa = PBXBuildFile; fileRef = 2B83EAF42B120EAD00DA96B4 /* MoviePreviewViewModel.swift */; };
		2B83EB1B2B13C88E00DA96B4 /* MovieAppModel.xcdatamodeld in Sources */ = {isa = PBXBuildFile; fileRef = 2B83EB192B13C88E00DA96B4 /* MovieAppModel.xcdatamodeld */; };
		2B83EB1D2B13CA7000DA96B4 /* DataPersistenceManager.swift in Sources */ = {isa = PBXBuildFile; fileRef = 2B83EB1C2B13CA7000DA96B4 /* DataPersistenceManager.swift */; };
		2B83EB1F2B14736F00DA96B4 /* FavoriteCell.swift in Sources */ = {isa = PBXBuildFile; fileRef = 2B83EB1E2B14736F00DA96B4 /* FavoriteCell.swift */; };
/* End PBXBuildFile section */

/* Begin PBXFileReference section */
		2B662C132B078281002AE5AB /* MovieApp.app */ = {isa = PBXFileReference; explicitFileType = wrapper.application; includeInIndex = 0; path = MovieApp.app; sourceTree = BUILT_PRODUCTS_DIR; };
		2B662C162B078281002AE5AB /* AppDelegate.swift */ = {isa = PBXFileReference; lastKnownFileType = sourcecode.swift; path = AppDelegate.swift; sourceTree = "<group>"; };
		2B662C182B078281002AE5AB /* SceneDelegate.swift */ = {isa = PBXFileReference; lastKnownFileType = sourcecode.swift; path = SceneDelegate.swift; sourceTree = "<group>"; };
		2B662C1A2B078281002AE5AB /* MainTabBarViewController.swift */ = {isa = PBXFileReference; lastKnownFileType = sourcecode.swift; path = MainTabBarViewController.swift; sourceTree = "<group>"; };
		2B662C1F2B078282002AE5AB /* Assets.xcassets */ = {isa = PBXFileReference; lastKnownFileType = folder.assetcatalog; path = Assets.xcassets; sourceTree = "<group>"; };
		2B662C222B078282002AE5AB /* Base */ = {isa = PBXFileReference; lastKnownFileType = file.storyboard; name = Base; path = Base.lproj/LaunchScreen.storyboard; sourceTree = "<group>"; };
		2B662C242B078282002AE5AB /* Info.plist */ = {isa = PBXFileReference; lastKnownFileType = text.plist.xml; path = Info.plist; sourceTree = "<group>"; };
		2B662D5C2B0DE663002AE5AB /* HomeViewController.swift */ = {isa = PBXFileReference; lastKnownFileType = sourcecode.swift; path = HomeViewController.swift; sourceTree = "<group>"; };
		2B662D5E2B0DE6A2002AE5AB /* UpcomingViewController.swift */ = {isa = PBXFileReference; lastKnownFileType = sourcecode.swift; path = UpcomingViewController.swift; sourceTree = "<group>"; };
		2B662D602B0DE6C8002AE5AB /* SearchViewController.swift */ = {isa = PBXFileReference; lastKnownFileType = sourcecode.swift; path = SearchViewController.swift; sourceTree = "<group>"; };
		2B662D622B0DE6E7002AE5AB /* DownloadsViewController.swift */ = {isa = PBXFileReference; lastKnownFileType = sourcecode.swift; path = DownloadsViewController.swift; sourceTree = "<group>"; };
		2B662D642B0DE83B002AE5AB /* FavoritesViewController.swift */ = {isa = PBXFileReference; lastKnownFileType = sourcecode.swift; path = FavoritesViewController.swift; sourceTree = "<group>"; };
		2B662D6A2B0DF6D7002AE5AB /* CollectionViewTableViewCell.swift */ = {isa = PBXFileReference; lastKnownFileType = sourcecode.swift; path = CollectionViewTableViewCell.swift; sourceTree = "<group>"; };
		2B662D6C2B0E2105002AE5AB /* HeaderUIView.swift */ = {isa = PBXFileReference; lastKnownFileType = sourcecode.swift; path = HeaderUIView.swift; sourceTree = "<group>"; };
		2B662D6F2B0E244D002AE5AB /* Extension.swift */ = {isa = PBXFileReference; lastKnownFileType = sourcecode.swift; path = Extension.swift; sourceTree = "<group>"; };
		2B662D722B0E9490002AE5AB /* APICaller.swift */ = {isa = PBXFileReference; lastKnownFileType = sourcecode.swift; path = APICaller.swift; sourceTree = "<group>"; };
		2B662D742B0E9A59002AE5AB /* MovieModel.swift */ = {isa = PBXFileReference; lastKnownFileType = sourcecode.swift; path = MovieModel.swift; sourceTree = "<group>"; };
		2B83EADE2B0F648A00DA96B4 /* MovieCollectionViewCell.swift */ = {isa = PBXFileReference; lastKnownFileType = sourcecode.swift; path = MovieCollectionViewCell.swift; sourceTree = "<group>"; };
		2B83EAEA2B0FF13000DA96B4 /* MovieTableViewCell.swift */ = {isa = PBXFileReference; lastKnownFileType = sourcecode.swift; path = MovieTableViewCell.swift; sourceTree = "<group>"; };
		2B83EAEC2B0FF3A900DA96B4 /* MovieViewModel.swift */ = {isa = PBXFileReference; lastKnownFileType = sourcecode.swift; path = MovieViewModel.swift; sourceTree = "<group>"; };
		2B83EAEE2B1091BF00DA96B4 /* SearchResultsViewController.swift */ = {isa = PBXFileReference; lastKnownFileType = sourcecode.swift; path = SearchResultsViewController.swift; sourceTree = "<group>"; };
		2B83EAF02B114A9600DA96B4 /* YoutubeSearchResultsModel.swift */ = {isa = PBXFileReference; lastKnownFileType = sourcecode.swift; path = YoutubeSearchResultsModel.swift; sourceTree = "<group>"; };
		2B83EAF22B120C5B00DA96B4 /* MoviePreviewViewController.swift */ = {isa = PBXFileReference; lastKnownFileType = sourcecode.swift; path = MoviePreviewViewController.swift; sourceTree = "<group>"; };
		2B83EAF42B120EAD00DA96B4 /* MoviePreviewViewModel.swift */ = {isa = PBXFileReference; lastKnownFileType = sourcecode.swift; path = MoviePreviewViewModel.swift; sourceTree = "<group>"; };
		2B83EB1A2B13C88E00DA96B4 /* MovieAppModel.xcdatamodel */ = {isa = PBXFileReference; lastKnownFileType = wrapper.xcdatamodel; path = MovieAppModel.xcdatamodel; sourceTree = "<group>"; };
		2B83EB1C2B13CA7000DA96B4 /* DataPersistenceManager.swift */ = {isa = PBXFileReference; lastKnownFileType = sourcecode.swift; path = DataPersistenceManager.swift; sourceTree = "<group>"; };
		2B83EB1E2B14736F00DA96B4 /* FavoriteCell.swift */ = {isa = PBXFileReference; lastKnownFileType = sourcecode.swift; path = FavoriteCell.swift; sourceTree = "<group>"; };
/* End PBXFileReference section */

/* Begin PBXFrameworksBuildPhase section */
		2B662C102B078281002AE5AB /* Frameworks */ = {
			isa = PBXFrameworksBuildPhase;
			buildActionMask = 2147483647;
			files = (
				2B83EAE92B0F66B400DA96B4 /* SDWebImageMapKit in Frameworks */,
				2B83EAE72B0F66B000DA96B4 /* SDWebImage in Frameworks */,
			);
			runOnlyForDeploymentPostprocessing = 0;
		};
/* End PBXFrameworksBuildPhase section */

/* Begin PBXGroup section */
		2B662C0A2B078281002AE5AB = {
			isa = PBXGroup;
			children = (
				2B662C152B078281002AE5AB /* MovieApp */,
				2B662C142B078281002AE5AB /* Products */,
				2B83EAE52B0F66B000DA96B4 /* Frameworks */,
			);
			sourceTree = "<group>";
		};
		2B662C142B078281002AE5AB /* Products */ = {
			isa = PBXGroup;
			children = (
				2B662C132B078281002AE5AB /* MovieApp.app */,
			);
			name = Products;
			sourceTree = "<group>";
		};
		2B662C152B078281002AE5AB /* MovieApp */ = {
			isa = PBXGroup;
			children = (
				2B662D712B0E9480002AE5AB /* Service */,
				2B662D6E2B0E243E002AE5AB /* Utils */,
				2B662D692B0DF653002AE5AB /* Models */,
				2B662D682B0DF643002AE5AB /* ViewModels */,
				2B662D672B0DF63B002AE5AB /* Views */,
				2B662D662B0DEE47002AE5AB /* Files */,
				2B662D5B2B0DE62F002AE5AB /* ViewControllers */,
				2B662C1A2B078281002AE5AB /* MainTabBarViewController.swift */,
				2B83EB192B13C88E00DA96B4 /* MovieAppModel.xcdatamodeld */,
			);
			path = MovieApp;
			sourceTree = "<group>";
		};
		2B662D5B2B0DE62F002AE5AB /* ViewControllers */ = {
			isa = PBXGroup;
			children = (
				2B662D5C2B0DE663002AE5AB /* HomeViewController.swift */,
				2B662D5E2B0DE6A2002AE5AB /* UpcomingViewController.swift */,
				2B662D602B0DE6C8002AE5AB /* SearchViewController.swift */,
				2B662D622B0DE6E7002AE5AB /* DownloadsViewController.swift */,
				2B662D642B0DE83B002AE5AB /* FavoritesViewController.swift */,
				2B83EAEE2B1091BF00DA96B4 /* SearchResultsViewController.swift */,
				2B83EAF22B120C5B00DA96B4 /* MoviePreviewViewController.swift */,
			);
			path = ViewControllers;
			sourceTree = "<group>";
		};
		2B662D662B0DEE47002AE5AB /* Files */ = {
			isa = PBXGroup;
			children = (
				2B662C162B078281002AE5AB /* AppDelegate.swift */,
				2B662C182B078281002AE5AB /* SceneDelegate.swift */,
				2B662C1F2B078282002AE5AB /* Assets.xcassets */,
				2B662C212B078282002AE5AB /* LaunchScreen.storyboard */,
				2B662C242B078282002AE5AB /* Info.plist */,
			);
			name = Files;
			sourceTree = "<group>";
		};
		2B662D672B0DF63B002AE5AB /* Views */ = {
			isa = PBXGroup;
			children = (
				2B662D6A2B0DF6D7002AE5AB /* CollectionViewTableViewCell.swift */,
				2B662D6C2B0E2105002AE5AB /* HeaderUIView.swift */,
				2B83EADE2B0F648A00DA96B4 /* MovieCollectionViewCell.swift */,
				2B83EAEA2B0FF13000DA96B4 /* MovieTableViewCell.swift */,
				2B83EB1E2B14736F00DA96B4 /* FavoriteCell.swift */,
			);
			path = Views;
			sourceTree = "<group>";
		};
		2B662D682B0DF643002AE5AB /* ViewModels */ = {
			isa = PBXGroup;
			children = (
				2B83EAEC2B0FF3A900DA96B4 /* MovieViewModel.swift */,
				2B83EAF42B120EAD00DA96B4 /* MoviePreviewViewModel.swift */,
			);
			path = ViewModels;
			sourceTree = "<group>";
		};
		2B662D692B0DF653002AE5AB /* Models */ = {
			isa = PBXGroup;
			children = (
				2B662D742B0E9A59002AE5AB /* MovieModel.swift */,
				2B83EAF02B114A9600DA96B4 /* YoutubeSearchResultsModel.swift */,
			);
			path = Models;
			sourceTree = "<group>";
		};
		2B662D6E2B0E243E002AE5AB /* Utils */ = {
			isa = PBXGroup;
			children = (
				2B662D6F2B0E244D002AE5AB /* Extension.swift */,
			);
			path = Utils;
			sourceTree = "<group>";
		};
		2B662D712B0E9480002AE5AB /* Service */ = {
			isa = PBXGroup;
			children = (
				2B662D722B0E9490002AE5AB /* APICaller.swift */,
				2B83EB1C2B13CA7000DA96B4 /* DataPersistenceManager.swift */,
			);
			path = Service;
			sourceTree = "<group>";
		};
		2B83EAE52B0F66B000DA96B4 /* Frameworks */ = {
			isa = PBXGroup;
			children = (
			);
			name = Frameworks;
			sourceTree = "<group>";
		};
/* End PBXGroup section */

/* Begin PBXNativeTarget section */
		2B662C122B078281002AE5AB /* MovieApp */ = {
			isa = PBXNativeTarget;
			buildConfigurationList = 2B662C272B078282002AE5AB /* Build configuration list for PBXNativeTarget "MovieApp" */;
			buildPhases = (
				2B662C0F2B078281002AE5AB /* Sources */,
				2B662C102B078281002AE5AB /* Frameworks */,
				2B662C112B078281002AE5AB /* Resources */,
			);
			buildRules = (
			);
			dependencies = (
			);
			name = MovieApp;
			packageProductDependencies = (
				2B83EAE62B0F66B000DA96B4 /* SDWebImage */,
				2B83EAE82B0F66B400DA96B4 /* SDWebImageMapKit */,
			);
			productName = MovieApp;
			productReference = 2B662C132B078281002AE5AB /* MovieApp.app */;
			productType = "com.apple.product-type.application";
		};
/* End PBXNativeTarget section */

/* Begin PBXProject section */
		2B662C0B2B078281002AE5AB /* Project object */ = {
			isa = PBXProject;
			attributes = {
				BuildIndependentTargetsInParallel = 1;
				LastSwiftUpdateCheck = 1430;
				LastUpgradeCheck = 1430;
				TargetAttributes = {
					2B662C122B078281002AE5AB = {
						CreatedOnToolsVersion = 14.3.1;
					};
				};
			};
			buildConfigurationList = 2B662C0E2B078281002AE5AB /* Build configuration list for PBXProject "MovieApp" */;
			compatibilityVersion = "Xcode 14.0";
			developmentRegion = en;
			hasScannedForEncodings = 0;
			knownRegions = (
				en,
				Base,
			);
			mainGroup = 2B662C0A2B078281002AE5AB;
			packageReferences = (
				2B83EAE02B0F668000DA96B4 /* XCRemoteSwiftPackageReference "SDWebImage" */,
			);
			productRefGroup = 2B662C142B078281002AE5AB /* Products */;
			projectDirPath = "";
			projectRoot = "";
			targets = (
				2B662C122B078281002AE5AB /* MovieApp */,
			);
		};
/* End PBXProject section */

/* Begin PBXResourcesBuildPhase section */
		2B662C112B078281002AE5AB /* Resources */ = {
			isa = PBXResourcesBuildPhase;
			buildActionMask = 2147483647;
			files = (
				2B662C232B078282002AE5AB /* LaunchScreen.storyboard in Resources */,
				2B662C202B078282002AE5AB /* Assets.xcassets in Resources */,
			);
			runOnlyForDeploymentPostprocessing = 0;
		};
/* End PBXResourcesBuildPhase section */

/* Begin PBXSourcesBuildPhase section */
		2B662C0F2B078281002AE5AB /* Sources */ = {
			isa = PBXSourcesBuildPhase;
			buildActionMask = 2147483647;
			files = (
				2B662D612B0DE6C8002AE5AB /* SearchViewController.swift in Sources */,
				2B83EAEF2B1091BF00DA96B4 /* SearchResultsViewController.swift in Sources */,
				2B662C1B2B078281002AE5AB /* MainTabBarViewController.swift in Sources */,
				2B662C172B078281002AE5AB /* AppDelegate.swift in Sources */,
				2B662D632B0DE6E7002AE5AB /* DownloadsViewController.swift in Sources */,
				2B662D702B0E244D002AE5AB /* Extension.swift in Sources */,
				2B83EAF12B114A9600DA96B4 /* YoutubeSearchResultsModel.swift in Sources */,
				2B83EAEB2B0FF13000DA96B4 /* MovieTableViewCell.swift in Sources */,
				2B83EAF52B120EAD00DA96B4 /* MoviePreviewViewModel.swift in Sources */,
				2B662C192B078281002AE5AB /* SceneDelegate.swift in Sources */,
				2B662D752B0E9A59002AE5AB /* MovieModel.swift in Sources */,
				2B662D6B2B0DF6D7002AE5AB /* CollectionViewTableViewCell.swift in Sources */,
				2B662D732B0E9490002AE5AB /* APICaller.swift in Sources */,
				2B662D5F2B0DE6A2002AE5AB /* UpcomingViewController.swift in Sources */,
				2B83EAED2B0FF3A900DA96B4 /* MovieViewModel.swift in Sources */,
				2B83EAF32B120C5B00DA96B4 /* MoviePreviewViewController.swift in Sources */,
				2B662D652B0DE83B002AE5AB /* FavoritesViewController.swift in Sources */,
				2B83EADF2B0F648A00DA96B4 /* MovieCollectionViewCell.swift in Sources */,
				2B83EB1B2B13C88E00DA96B4 /* MovieAppModel.xcdatamodeld in Sources */,
				2B662D5D2B0DE663002AE5AB /* HomeViewController.swift in Sources */,
				2B662D6D2B0E2105002AE5AB /* HeaderUIView.swift in Sources */,
				2B83EB1F2B14736F00DA96B4 /* FavoriteCell.swift in Sources */,
				2B83EB1D2B13CA7000DA96B4 /* DataPersistenceManager.swift in Sources */,
			);
			runOnlyForDeploymentPostprocessing = 0;
		};
/* End PBXSourcesBuildPhase section */

/* Begin PBXVariantGroup section */
		2B662C212B078282002AE5AB /* LaunchScreen.storyboard */ = {
			isa = PBXVariantGroup;
			children = (
				2B662C222B078282002AE5AB /* Base */,
			);
			name = LaunchScreen.storyboard;
			sourceTree = "<group>";
		};
/* End PBXVariantGroup section */

/* Begin XCBuildConfiguration section */
		2B662C252B078282002AE5AB /* Debug */ = {
			isa = XCBuildConfiguration;
			buildSettings = {
				ALWAYS_SEARCH_USER_PATHS = NO;
				CLANG_ANALYZER_NONNULL = YES;
				CLANG_ANALYZER_NUMBER_OBJECT_CONVERSION = YES_AGGRESSIVE;
				CLANG_CXX_LANGUAGE_STANDARD = "gnu++20";
				CLANG_ENABLE_MODULES = YES;
				CLANG_ENABLE_OBJC_ARC = YES;
				CLANG_ENABLE_OBJC_WEAK = YES;
				CLANG_WARN_BLOCK_CAPTURE_AUTORELEASING = YES;
				CLANG_WARN_BOOL_CONVERSION = YES;
				CLANG_WARN_COMMA = YES;
				CLANG_WARN_CONSTANT_CONVERSION = YES;
				CLANG_WARN_DEPRECATED_OBJC_IMPLEMENTATIONS = YES;
				CLANG_WARN_DIRECT_OBJC_ISA_USAGE = YES_ERROR;
				CLANG_WARN_DOCUMENTATION_COMMENTS = YES;
				CLANG_WARN_EMPTY_BODY = YES;
				CLANG_WARN_ENUM_CONVERSION = YES;
				CLANG_WARN_INFINITE_RECURSION = YES;
				CLANG_WARN_INT_CONVERSION = YES;
				CLANG_WARN_NON_LITERAL_NULL_CONVERSION = YES;
				CLANG_WARN_OBJC_IMPLICIT_RETAIN_SELF = YES;
				CLANG_WARN_OBJC_LITERAL_CONVERSION = YES;
				CLANG_WARN_OBJC_ROOT_CLASS = YES_ERROR;
				CLANG_WARN_QUOTED_INCLUDE_IN_FRAMEWORK_HEADER = YES;
				CLANG_WARN_RANGE_LOOP_ANALYSIS = YES;
				CLANG_WARN_STRICT_PROTOTYPES = YES;
				CLANG_WARN_SUSPICIOUS_MOVE = YES;
				CLANG_WARN_UNGUARDED_AVAILABILITY = YES_AGGRESSIVE;
				CLANG_WARN_UNREACHABLE_CODE = YES;
				CLANG_WARN__DUPLICATE_METHOD_MATCH = YES;
				COPY_PHASE_STRIP = NO;
				DEBUG_INFORMATION_FORMAT = dwarf;
				ENABLE_STRICT_OBJC_MSGSEND = YES;
				ENABLE_TESTABILITY = YES;
				GCC_C_LANGUAGE_STANDARD = gnu11;
				GCC_DYNAMIC_NO_PIC = NO;
				GCC_NO_COMMON_BLOCKS = YES;
				GCC_OPTIMIZATION_LEVEL = 0;
				GCC_PREPROCESSOR_DEFINITIONS = (
					"DEBUG=1",
					"$(inherited)",
				);
				GCC_WARN_64_TO_32_BIT_CONVERSION = YES;
				GCC_WARN_ABOUT_RETURN_TYPE = YES_ERROR;
				GCC_WARN_UNDECLARED_SELECTOR = YES;
				GCC_WARN_UNINITIALIZED_AUTOS = YES_AGGRESSIVE;
				GCC_WARN_UNUSED_FUNCTION = YES;
				GCC_WARN_UNUSED_VARIABLE = YES;
				IPHONEOS_DEPLOYMENT_TARGET = 16.4;
				MTL_ENABLE_DEBUG_INFO = INCLUDE_SOURCE;
				MTL_FAST_MATH = YES;
				ONLY_ACTIVE_ARCH = YES;
				SDKROOT = iphoneos;
				SWIFT_ACTIVE_COMPILATION_CONDITIONS = DEBUG;
				SWIFT_OPTIMIZATION_LEVEL = "-Onone";
			};
			name = Debug;
		};
		2B662C262B078282002AE5AB /* Release */ = {
			isa = XCBuildConfiguration;
			buildSettings = {
				ALWAYS_SEARCH_USER_PATHS = NO;
				CLANG_ANALYZER_NONNULL = YES;
				CLANG_ANALYZER_NUMBER_OBJECT_CONVERSION = YES_AGGRESSIVE;
				CLANG_CXX_LANGUAGE_STANDARD = "gnu++20";
				CLANG_ENABLE_MODULES = YES;
				CLANG_ENABLE_OBJC_ARC = YES;
				CLANG_ENABLE_OBJC_WEAK = YES;
				CLANG_WARN_BLOCK_CAPTURE_AUTORELEASING = YES;
				CLANG_WARN_BOOL_CONVERSION = YES;
				CLANG_WARN_COMMA = YES;
				CLANG_WARN_CONSTANT_CONVERSION = YES;
				CLANG_WARN_DEPRECATED_OBJC_IMPLEMENTATIONS = YES;
				CLANG_WARN_DIRECT_OBJC_ISA_USAGE = YES_ERROR;
				CLANG_WARN_DOCUMENTATION_COMMENTS = YES;
				CLANG_WARN_EMPTY_BODY = YES;
				CLANG_WARN_ENUM_CONVERSION = YES;
				CLANG_WARN_INFINITE_RECURSION = YES;
				CLANG_WARN_INT_CONVERSION = YES;
				CLANG_WARN_NON_LITERAL_NULL_CONVERSION = YES;
				CLANG_WARN_OBJC_IMPLICIT_RETAIN_SELF = YES;
				CLANG_WARN_OBJC_LITERAL_CONVERSION = YES;
				CLANG_WARN_OBJC_ROOT_CLASS = YES_ERROR;
				CLANG_WARN_QUOTED_INCLUDE_IN_FRAMEWORK_HEADER = YES;
				CLANG_WARN_RANGE_LOOP_ANALYSIS = YES;
				CLANG_WARN_STRICT_PROTOTYPES = YES;
				CLANG_WARN_SUSPICIOUS_MOVE = YES;
				CLANG_WARN_UNGUARDED_AVAILABILITY = YES_AGGRESSIVE;
				CLANG_WARN_UNREACHABLE_CODE = YES;
				CLANG_WARN__DUPLICATE_METHOD_MATCH = YES;
				COPY_PHASE_STRIP = NO;
				DEBUG_INFORMATION_FORMAT = "dwarf-with-dsym";
				ENABLE_NS_ASSERTIONS = NO;
				ENABLE_STRICT_OBJC_MSGSEND = YES;
				GCC_C_LANGUAGE_STANDARD = gnu11;
				GCC_NO_COMMON_BLOCKS = YES;
				GCC_WARN_64_TO_32_BIT_CONVERSION = YES;
				GCC_WARN_ABOUT_RETURN_TYPE = YES_ERROR;
				GCC_WARN_UNDECLARED_SELECTOR = YES;
				GCC_WARN_UNINITIALIZED_AUTOS = YES_AGGRESSIVE;
				GCC_WARN_UNUSED_FUNCTION = YES;
				GCC_WARN_UNUSED_VARIABLE = YES;
				IPHONEOS_DEPLOYMENT_TARGET = 16.4;
				MTL_ENABLE_DEBUG_INFO = NO;
				MTL_FAST_MATH = YES;
				SDKROOT = iphoneos;
				SWIFT_COMPILATION_MODE = wholemodule;
				SWIFT_OPTIMIZATION_LEVEL = "-O";
				VALIDATE_PRODUCT = YES;
			};
			name = Release;
		};
		2B662C282B078282002AE5AB /* Debug */ = {
			isa = XCBuildConfiguration;
			buildSettings = {
				ASSETCATALOG_COMPILER_APPICON_NAME = AppIcon;
				ASSETCATALOG_COMPILER_GLOBAL_ACCENT_COLOR_NAME = AccentColor;
				CODE_SIGN_STYLE = Automatic;
				CURRENT_PROJECT_VERSION = 1;
				DEVELOPMENT_TEAM = 6CX7MPY7Q3;
				GENERATE_INFOPLIST_FILE = YES;
				INFOPLIST_FILE = MovieApp/Info.plist;
				INFOPLIST_KEY_UIApplicationSupportsIndirectInputEvents = YES;
				INFOPLIST_KEY_UILaunchStoryboardName = LaunchScreen;
				INFOPLIST_KEY_UISupportedInterfaceOrientations_iPad = "UIInterfaceOrientationPortrait UIInterfaceOrientationPortraitUpsideDown UIInterfaceOrientationLandscapeLeft UIInterfaceOrientationLandscapeRight";
				INFOPLIST_KEY_UISupportedInterfaceOrientations_iPhone = "UIInterfaceOrientationPortrait UIInterfaceOrientationLandscapeLeft UIInterfaceOrientationLandscapeRight";
				LD_RUNPATH_SEARCH_PATHS = (
					"$(inherited)",
					"@executable_path/Frameworks",
				);
				MARKETING_VERSION = 1.0;
				PRODUCT_BUNDLE_IDENTIFIER = com.canerkarabulut.MovieApp;
				PRODUCT_NAME = "$(TARGET_NAME)";
				SWIFT_EMIT_LOC_STRINGS = YES;
				SWIFT_VERSION = 5.0;
				TARGETED_DEVICE_FAMILY = "1,2";
			};
			name = Debug;
		};
		2B662C292B078282002AE5AB /* Release */ = {
			isa = XCBuildConfiguration;
			buildSettings = {
				ASSETCATALOG_COMPILER_APPICON_NAME = AppIcon;
				ASSETCATALOG_COMPILER_GLOBAL_ACCENT_COLOR_NAME = AccentColor;
				CODE_SIGN_STYLE = Automatic;
				CURRENT_PROJECT_VERSION = 1;
				DEVELOPMENT_TEAM = 6CX7MPY7Q3;
				GENERATE_INFOPLIST_FILE = YES;
				INFOPLIST_FILE = MovieApp/Info.plist;
				INFOPLIST_KEY_UIApplicationSupportsIndirectInputEvents = YES;
				INFOPLIST_KEY_UILaunchStoryboardName = LaunchScreen;
				INFOPLIST_KEY_UISupportedInterfaceOrientations_iPad = "UIInterfaceOrientationPortrait UIInterfaceOrientationPortraitUpsideDown UIInterfaceOrientationLandscapeLeft UIInterfaceOrientationLandscapeRight";
				INFOPLIST_KEY_UISupportedInterfaceOrientations_iPhone = "UIInterfaceOrientationPortrait UIInterfaceOrientationLandscapeLeft UIInterfaceOrientationLandscapeRight";
				LD_RUNPATH_SEARCH_PATHS = (
					"$(inherited)",
					"@executable_path/Frameworks",
				);
				MARKETING_VERSION = 1.0;
				PRODUCT_BUNDLE_IDENTIFIER = com.canerkarabulut.MovieApp;
				PRODUCT_NAME = "$(TARGET_NAME)";
				SWIFT_EMIT_LOC_STRINGS = YES;
				SWIFT_VERSION = 5.0;
				TARGETED_DEVICE_FAMILY = "1,2";
			};
			name = Release;
		};
/* End XCBuildConfiguration section */

/* Begin XCConfigurationList section */
		2B662C0E2B078281002AE5AB /* Build configuration list for PBXProject "MovieApp" */ = {
			isa = XCConfigurationList;
			buildConfigurations = (
				2B662C252B078282002AE5AB /* Debug */,
				2B662C262B078282002AE5AB /* Release */,
			);
			defaultConfigurationIsVisible = 0;
			defaultConfigurationName = Release;
		};
		2B662C272B078282002AE5AB /* Build configuration list for PBXNativeTarget "MovieApp" */ = {
			isa = XCConfigurationList;
			buildConfigurations = (
				2B662C282B078282002AE5AB /* Debug */,
				2B662C292B078282002AE5AB /* Release */,
			);
			defaultConfigurationIsVisible = 0;
			defaultConfigurationName = Release;
		};
/* End XCConfigurationList section */

/* Begin XCRemoteSwiftPackageReference section */
		2B83EAE02B0F668000DA96B4 /* XCRemoteSwiftPackageReference "SDWebImage" */ = {
			isa = XCRemoteSwiftPackageReference;
			repositoryURL = "https://github.com/SDWebImage/SDWebImage.git";
			requirement = {
				kind = upToNextMajorVersion;
				minimumVersion = 5.0.0;
			};
		};
/* End XCRemoteSwiftPackageReference section */

/* Begin XCSwiftPackageProductDependency section */
		2B83EAE62B0F66B000DA96B4 /* SDWebImage */ = {
			isa = XCSwiftPackageProductDependency;
			package = 2B83EAE02B0F668000DA96B4 /* XCRemoteSwiftPackageReference "SDWebImage" */;
			productName = SDWebImage;
		};
		2B83EAE82B0F66B400DA96B4 /* SDWebImageMapKit */ = {
			isa = XCSwiftPackageProductDependency;
			package = 2B83EAE02B0F668000DA96B4 /* XCRemoteSwiftPackageReference "SDWebImage" */;
			productName = SDWebImageMapKit;
		};
/* End XCSwiftPackageProductDependency section */

/* Begin XCVersionGroup section */
		2B83EB192B13C88E00DA96B4 /* MovieAppModel.xcdatamodeld */ = {
			isa = XCVersionGroup;
			children = (
				2B83EB1A2B13C88E00DA96B4 /* MovieAppModel.xcdatamodel */,
			);
			currentVersion = 2B83EB1A2B13C88E00DA96B4 /* MovieAppModel.xcdatamodel */;
			path = MovieAppModel.xcdatamodeld;
			sourceTree = "<group>";
			versionGroupType = wrapper.xcdatamodel;
		};
/* End XCVersionGroup section */
	};
	rootObject = 2B662C0B2B078281002AE5AB /* Project object */;
}
